Microsoft Visual Studio Solution File, Format Version 12.00
# Visual Studio Version 17
VisualStudioVersion = 17.5.2.0
MinimumVisualStudioVersion = 10.0.40219.1
Project("{FAE04EC0-301F-11D3-BF4B-00C04F79EFBC}") = "Flashcards.Api", "Flashcards.Api\Flashcards.Api.csproj", "{4387A01B-738E-824E-FF55-3B92395D129B}"
EndProject
Project("{FAE04EC0-301F-11D3-BF4B-00C04F79EFBC}") = "Flashcards.Console", "Flashcards.Console\Flashcards.Console.csproj", "{183E2881-E643-AA76-544F-0F361C87C31A}"
EndProject
Global
	GlobalSection(SolutionConfigurationPlatforms) = preSolution
		Debug|Any CPU = Debug|Any CPU
		Release|Any CPU = Release|Any CPU
	EndGlobalSection
	GlobalSection(ProjectConfigurationPlatforms) = postSolution
		{4387A01B-738E-824E-FF55-3B92395D129B}.Debug|Any CPU.ActiveCfg = Debug|Any CPU
		{4387A01B-738E-824E-FF55-3B92395D129B}.Debug|Any CPU.Build.0 = Debug|Any CPU
		{4387A01B-738E-824E-FF55-3B92395D129B}.Release|Any CPU.ActiveCfg = Release|Any CPU
		{4387A01B-738E-824E-FF55-3B92395D129B}.Release|Any CPU.Build.0 = Release|Any CPU
		{183E2881-E643-AA76-544F-0F361C87C31A}.Debug|Any CPU.ActiveCfg = Debug|Any CPU
		{183E2881-E643-AA76-544F-0F361C87C31A}.Debug|Any CPU.Build.0 = Debug|Any CPU
		{183E2881-E643-AA76-544F-0F361C87C31A}.Release|Any CPU.ActiveCfg = Release|Any CPU
		{183E2881-E643-AA76-544F-0F361C87C31A}.Release|Any CPU.Build.0 = Release|Any CPU
	EndGlobalSection
	GlobalSection(SolutionProperties) = preSolution
		HideSolutionNode = FALSE
	EndGlobalSection
	GlobalSection(ExtensibilityGlobals) = postSolution
		SolutionGuid = {C16BA6F5-8E0B-478D-B959-1A30DF83F338}
	EndGlobalSection
EndGlobal
